
Microsoft Visual Studio Solution File, Format Version 12.00
# Visual Studio 14
VisualStudioVersion = 14.0.25420.1
MinimumVisualStudioVersion = 10.0.40219.1
Project("{FAE04EC0-301F-11D3-BF4B-00C04F79EFBC}") = "REST-SQL", "REST-SQL\REST-SQL.csproj", "{BED497CC-FF76-4D55-A7BD-A1975EB92548}"
EndProject
Project("{00D1A9C2-B5F0-4AF3-8072-F6C62B433612}") = "SampleDB", "SampleDB\SampleDB.sqlproj", "{A3D52845-EAC6-4015-9F76-E6665AF7DA4E}"
EndProject
Project("{FAE04EC0-301F-11D3-BF4B-00C04F79EFBC}") = "SampleREST", "SampleREST\SampleREST.csproj", "{63AAD51D-437A-4EBC-897D-01804EDBA80A}"
EndProject
Project("{FAE04EC0-301F-11D3-BF4B-00C04F79EFBC}") = "Test", "Test\Test.csproj", "{D995E8B1-6385-463F-A206-F8B62214F9B7}"
EndProject
Global
	GlobalSection(SolutionConfigurationPlatforms) = preSolution
		Debug|Any CPU = Debug|Any CPU
		Release|Any CPU = Release|Any CPU
	EndGlobalSection
	GlobalSection(ProjectConfigurationPlatforms) = postSolution
		{BED497CC-FF76-4D55-A7BD-A1975EB92548}.Debug|Any CPU.ActiveCfg = Debug|Any CPU
		{BED497CC-FF76-4D55-A7BD-A1975EB92548}.Debug|Any CPU.Build.0 = Debug|Any CPU
		{BED497CC-FF76-4D55-A7BD-A1975EB92548}.Release|Any CPU.ActiveCfg = Release|Any CPU
		{BED497CC-FF76-4D55-A7BD-A1975EB92548}.Release|Any CPU.Build.0 = Release|Any CPU
		{A3D52845-EAC6-4015-9F76-E6665AF7DA4E}.Debug|Any CPU.ActiveCfg = Debug|Any CPU
		{A3D52845-EAC6-4015-9F76-E6665AF7DA4E}.Debug|Any CPU.Build.0 = Debug|Any CPU
		{A3D52845-EAC6-4015-9F76-E6665AF7DA4E}.Debug|Any CPU.Deploy.0 = Debug|Any CPU
		{A3D52845-EAC6-4015-9F76-E6665AF7DA4E}.Release|Any CPU.ActiveCfg = Release|Any CPU
		{A3D52845-EAC6-4015-9F76-E6665AF7DA4E}.Release|Any CPU.Build.0 = Release|Any CPU
		{A3D52845-EAC6-4015-9F76-E6665AF7DA4E}.Release|Any CPU.Deploy.0 = Release|Any CPU
		{63AAD51D-437A-4EBC-897D-01804EDBA80A}.Debug|Any CPU.ActiveCfg = Debug|Any CPU
		{63AAD51D-437A-4EBC-897D-01804EDBA80A}.Debug|Any CPU.Build.0 = Debug|Any CPU
		{63AAD51D-437A-4EBC-897D-01804EDBA80A}.Release|Any CPU.ActiveCfg = Release|Any CPU
		{63AAD51D-437A-4EBC-897D-01804EDBA80A}.Release|Any CPU.Build.0 = Release|Any CPU
		{D995E8B1-6385-463F-A206-F8B62214F9B7}.Debug|Any CPU.ActiveCfg = Debug|Any CPU
		{D995E8B1-6385-463F-A206-F8B62214F9B7}.Debug|Any CPU.Build.0 = Debug|Any CPU
		{D995E8B1-6385-463F-A206-F8B62214F9B7}.Release|Any CPU.ActiveCfg = Release|Any CPU
		{D995E8B1-6385-463F-A206-F8B62214F9B7}.Release|Any CPU.Build.0 = Release|Any CPU
	EndGlobalSection
	GlobalSection(SolutionProperties) = preSolution
		HideSolutionNode = FALSE
	EndGlobalSection
EndGlobal
